# THIS IS AN AUTOGENERATED FILE. DO NOT EDIT THIS FILE DIRECTLY.
# yarn lockfile v1


accepts@~1.3.3:
  version "1.3.3"
  resolved "https://registry.npmjs.org/accepts/-/accepts-1.3.3.tgz"
  integrity sha512-AOPopplFOUlmUugwiZUCDpOwmqvSgdCyE8iJVLWI4NcB7qfMKQN34dn5xYtlUU03XGG5egRWW4NW5gIxpa5hEA==
  dependencies:
    mime-types "~2.1.11"
    negotiator "0.6.1"

addressparser@^1.0.1:
  version "1.0.1"
  resolved "https://registry.npmjs.org/addressparser/-/addressparser-1.0.1.tgz"
  integrity sha512-aQX7AISOMM7HFE0iZ3+YnD07oIeJqWGVnJ+ZIKaBZAk03ftmVYVqsGas/rbXKR21n4D/hKCSHypvcyOkds/xzg==

ajv@^4.9.1:
  version "4.11.8"
  resolved "https://registry.npmjs.org/ajv/-/ajv-4.11.8.tgz"
  integrity sha512-I/bSHSNEcFFqXLf91nchoNB9D1Kie3QKcWdchYUaoIg1+1bdWDkdfdlvdIOJbi9U8xR0y+MWc5D+won9v95WlQ==
  dependencies:
    co "^4.6.0"
    json-stable-stringify "^1.0.1"

array-flatten@1.1.1:
  version "1.1.1"
  resolved "https://registry.npmjs.org/array-flatten/-/array-flatten-1.1.1.tgz"
  integrity sha512-PCVAQswWemu6UdxsDFFX/+gVeYqKAod3D3UVm91jHwynguOwAvYPhx8nNlM++NqRcK6CxxpUafjmhIdKiHibqg==

array-indexofobject@~0.0.1:
  version "0.0.1"
  resolved "https://registry.npmjs.org/array-indexofobject/-/array-indexofobject-0.0.1.tgz"
  integrity sha512-tpdPBIBm4TMNxSp8O3pZgC7mF4+wn9SmJlhE+7bi5so6x39PvzUqChQMbv93R5ilYGZ1HV+Neki4IH/i+87AoQ==

asn1@~0.2.3:
  version "0.2.3"
  resolved "https://registry.npmjs.org/asn1/-/asn1-0.2.3.tgz"
  integrity sha512-6i37w/+EhlWlGUJff3T/Q8u1RGmP5wgbiwYnOnbOqvtrPxT63/sYFyP9RcpxtxGymtfA075IvmOnL7ycNOWl3w==

assert-plus@^0.2.0:
  version "0.2.0"
  resolved "https://registry.npmjs.org/assert-plus/-/assert-plus-0.2.0.tgz"
  integrity sha512-u1L0ZLywRziOVjUhRxI0Qg9G+4RnFB9H/Rq40YWn0dieDgO7vAYeJz6jKAO6t/aruzlDFLAPkQTT87e+f8Imaw==

assert-plus@^1.0.0:
  version "1.0.0"
  resolved "https://registry.npmjs.org/assert-plus/-/assert-plus-1.0.0.tgz"
  integrity sha512-NfJ4UzBCcQGLDlQq7nHxH+tv3kyZ0hHQqF5BO6J7tNJeP5do1llPr8dZ8zHonfhAu0PHAdMkSo+8o0wxg9lZWw==

assert-plus@1.0.0:
  version "1.0.0"
  resolved "https://registry.npmjs.org/assert-plus/-/assert-plus-1.0.0.tgz"
  integrity sha512-NfJ4UzBCcQGLDlQq7nHxH+tv3kyZ0hHQqF5BO6J7tNJeP5do1llPr8dZ8zHonfhAu0PHAdMkSo+8o0wxg9lZWw==

asynckit@^0.4.0:
  version "0.4.0"
  resolved "https://registry.npmjs.org/asynckit/-/asynckit-0.4.0.tgz"
  integrity sha512-Oei9OH4tRh0YqU3GxhX79dM/mwVgvbZJaSNaRk+bshkj0S5cfHcgYakreBjrHwatXKbz+IoIdYLxrKim2MjW0Q==

aws-sign2@~0.6.0:
  version "0.6.0"
  resolved "https://registry.npmjs.org/aws-sign2/-/aws-sign2-0.6.0.tgz"
  integrity sha512-JnJpAS0p9RmixkOvW2XwDxxzs1bd4/VAGIl6Q0EC5YOo+p+hqIhtDhn/nmFnB/xUNXbLkpE2mOjgVIBRKD4xYw==

aws4@^1.2.1:
  version "1.6.0"
  resolved "https://registry.npmjs.org/aws4/-/aws4-1.6.0.tgz"
  integrity sha512-tkleq4Df8UWu/7xf/tfbo7t2vDa07bcONGnKhl0QXKQsh3fJ0yJ1M5wzpy8BtBSENQw/9VTsthMhLG+yXHfStQ==

basic-auth@~1.1.0:
  version "1.1.0"
  resolved "https://registry.npmjs.org/basic-auth/-/basic-auth-1.1.0.tgz"
  integrity sha512-CtGuTyWf3ig+sgRyC7uP6DM3N+5ur/p8L+FPfsd+BbIfIs74TFfCajZTHnCw6K5dqM0bZEbRIqRy1fAdiUJhTA==

bcrypt-pbkdf@^1.0.0:
  version "1.0.1"
  resolved "https://registry.npmjs.org/bcrypt-pbkdf/-/bcrypt-pbkdf-1.0.1.tgz"
  integrity sha512-vY4sOrSlpwNZXsinfJ0HpbSkFft4nhSVLeUrQ4j2ydGmBOiVY83aMJStJATBy0C3+XdaYa990kIA1qkC2mUq6g==
  dependencies:
    tweetnacl "^0.14.3"

body-parser@~1.17.1:
  version "1.17.2"
  resolved "https://registry.npmjs.org/body-parser/-/body-parser-1.17.2.tgz"
  integrity sha512-pLoAUdkGfkp6VGbhhNWLtvF5dkWYVY7oSwZa45ZJeTxAipUB9L7n1cx0a/leni10VflrjorZM7Jb5jKxpIYniw==
  dependencies:
    bytes "2.4.0"
    content-type "~1.0.2"
    debug "2.6.7"
    depd "~1.1.0"
    http-errors "~1.6.1"
    iconv-lite "0.4.15"
    on-finished "~2.3.0"
    qs "6.4.0"
    raw-body "~2.2.0"
    type-is "~1.6.15"

boolbase@~1.0.0:
  version "1.0.0"
  resolved "https://registry.npmjs.org/boolbase/-/boolbase-1.0.0.tgz"
  integrity sha512-JZOSA7Mo9sNGB8+UjSgzdLtokWAky1zbztM3WRLCbZ70/3cTANmQmOdR7y2g+J0e2WXywy1yS468tY+IruqEww==

boom@2.x.x:
  version "2.10.1"
  resolved "https://registry.npmjs.org/boom/-/boom-2.10.1.tgz"
  integrity sha512-KbiZEa9/vofNcVJXGwdWWn25reQ3V3dHBWbS07FTF3/TOehLnm9GEhJV4T6ZvGPkShRpmUqYwnaCrkj0mRnP6Q==
  dependencies:
    hoek "2.x.x"

bytes@2.4.0:
  version "2.4.0"
  resolved "https://registry.npmjs.org/bytes/-/bytes-2.4.0.tgz"
  integrity sha512-SvUX8+c/Ga454a4fprIdIUzUN9xfd1YTvYh7ub5ZPJ+ZJ/+K2Bp6IpWGmnw8r3caLTsmhvJAKZz3qjIo9+XuCQ==

caseless@~0.12.0:
  version "0.12.0"
  resolved "https://registry.npmjs.org/caseless/-/caseless-0.12.0.tgz"
  integrity sha512-4tYFyifaFfGacoiObjJegolkwSU4xQNGbVgUiNYVUxbQ2x2lUsFvY4hVgVzGiIe6WLOPqycWXA40l+PWsxthUw==

cheerio@^0.22.0:
  version "0.22.0"
  resolved "https://registry.npmjs.org/cheerio/-/cheerio-0.22.0.tgz"
  integrity sha512-8/MzidM6G/TgRelkzDG13y3Y9LxBjCb+8yOEZ9+wwq5gVF2w2pV0wmHvjfT0RvuxGyR7UEuK36r+yYMbT4uKgA==
  dependencies:
    css-select "~1.2.0"
    dom-serializer "~0.1.0"
    entities "~1.1.1"
    htmlparser2 "^3.9.1"
    lodash.assignin "^4.0.9"
    lodash.bind "^4.1.4"
    lodash.defaults "^4.0.1"
    lodash.filter "^4.4.0"
    lodash.flatten "^4.2.0"
    lodash.foreach "^4.3.0"
    lodash.map "^4.4.0"
    lodash.merge "^4.4.0"
    lodash.pick "^4.2.1"
    lodash.reduce "^4.4.0"
    lodash.reject "^4.4.0"
    lodash.some "^4.4.0"

co@^4.6.0:
  version "4.6.0"
  resolved "https://registry.npmjs.org/co/-/co-4.6.0.tgz"
  integrity sha512-QVb0dM5HvG+uaxitm8wONl7jltx8dqhfU33DcqtOZcLSVIKSDDLDi7+0LbAKiyI8hD9u42m2YxXSkMGWThaecQ==

combined-stream@^1.0.5, combined-stream@~1.0.5:
  version "1.0.5"
  resolved "https://registry.npmjs.org/combined-stream/-/combined-stream-1.0.5.tgz"
  integrity sha512-JgSRe4l4UzPwpJuxfcPWEK1SCrL4dxNjp1uqrQLMop3QZUVo+hDU8w9BJKA4JPbulTWI+UzrI2UA3tK12yQ6bg==
  dependencies:
    delayed-stream "~1.0.0"

content-disposition@0.5.2:
  version "0.5.2"
  resolved "https://registry.npmjs.org/content-disposition/-/content-disposition-0.5.2.tgz"
  integrity sha512-kRGRZw3bLlFISDBgwTSA1TMBFN6J6GWDeubmDE3AF+3+yXL8hTWv8r5rkLbqYXY4RjPk/EzHnClI3zQf1cFmHA==

content-type@~1.0.2:
  version "1.0.2"
  resolved "https://registry.npmjs.org/content-type/-/content-type-1.0.2.tgz"
  integrity sha512-TFmXoAjJQD7hApJpE/GttZreniTw+DYE4zlDmPRc8Q75KXrU8hFt3Qeckml/mOTVAxwbMZ3WwdEcQCzTpfV5ZA==

cookie-parser@~1.4.3:
  version "1.4.3"
  resolved "https://registry.npmjs.org/cookie-parser/-/cookie-parser-1.4.3.tgz"
  integrity sha512-EZyO2G+zVFsMjU8jDtxs2iLS1DmryYNjC0s4/IHtsS6pWPUJSr0kt0UPOctRZosebPHYekb7bNcIBt4YW0S9bg==
  dependencies:
    cookie "0.3.1"
    cookie-signature "1.0.6"

cookie-signature@1.0.6:
  version "1.0.6"
  resolved "https://registry.npmjs.org/cookie-signature/-/cookie-signature-1.0.6.tgz"
  integrity sha512-QADzlaHc8icV8I7vbaJXJwod9HWYp8uCqf1xa4OfNu1T7JVxQIrUgOWtHdNDtPiywmFbiS12VjotIXLrKM3orQ==

cookie@0.3.1:
  version "0.3.1"
  resolved "https://registry.npmjs.org/cookie/-/cookie-0.3.1.tgz"
  integrity sha512-+IJOX0OqlHCszo2mBUq+SrEbCj6w7Kpffqx60zYbPTFaO4+yYgRjHwcZNpWvaTylDHaV7PPmBHzSecZiMhtPgw==

core-util-is@~1.0.0:
  version "1.0.2"
  resolved "https://registry.npmjs.org/core-util-is/-/core-util-is-1.0.2.tgz"
  integrity sha512-3lqz5YjWTYnW6dlDa5TLaTCcShfar1e40rmcJVwCBJC6mWlFuj0eCHIElmG1g5kyuJ/GD+8Wn4FFCcz4gJPfaQ==

cryptiles@2.x.x:
  version "2.0.5"
  resolved "https://registry.npmjs.org/cryptiles/-/cryptiles-2.0.5.tgz"
  integrity sha512-FFN5KwpvvQTTS5hWPxrU8/QE4kQUc6uwZcrnlMBN82t1MgAtq8mnoDwINBly9Tdr02seeIIhtdF+UH1feBYGog==
  dependencies:
    boom "2.x.x"

css-select@~1.2.0:
  version "1.2.0"
  resolved "https://registry.npmjs.org/css-select/-/css-select-1.2.0.tgz"
  integrity sha512-dUQOBoqdR7QwV90WysXPLXG5LO7nhYBgiWVfxF80DKPF8zx1t/pUd2FYy73emg3zrjtM6dzmYgbHKfV2rxiHQA==
  dependencies:
    boolbase "~1.0.0"
    css-what "2.1"
    domutils "1.5.1"
    nth-check "~1.0.1"

css-what@2.1:
  version "2.1.0"
  resolved "https://registry.npmjs.org/css-what/-/css-what-2.1.0.tgz"
  integrity sha512-HtdI8TqiYjVrBI0C2VLF8fwphIa49EaHPVo64hrX+QHCPBtjp2FW1g4+jNeC6v7bBSr2z7v2USnQ6GU+VPOzgQ==

dashdash@^1.12.0:
  version "1.14.1"
  resolved "https://registry.npmjs.org/dashdash/-/dashdash-1.14.1.tgz"
  integrity sha512-jRFi8UDGo6j+odZiEpjazZaWqEal3w/basFjQHQEwVtZJGDpxbH1MeYluwCS8Xq5wmLJooDlMgvVarmWfGM44g==
  dependencies:
    assert-plus "^1.0.0"

debug@^2.1.2, debug@~2.6.3, debug@2.6.8:
  version "2.6.8"
  resolved "https://registry.npmjs.org/debug/-/debug-2.6.8.tgz"
  integrity sha512-E22fsyWPt/lr4/UgQLt/pXqerGMDsanhbnmqIS3VAXuDi1v3IpiwXe2oncEIondHSBuPDWRoK/pMjlvi8FuOXQ==
  dependencies:
    ms "2.0.0"

debug@2.6.7:
  version "2.6.7"
  resolved "https://registry.npmjs.org/debug/-/debug-2.6.7.tgz"
  integrity sha512-7YoSmTDGnXYkFJOvaYXfxcvNE25Y11uZ0X8Mo+pSXjHz/9WUlbCS4O6q+wj7lhubdNQQXxxsSOnlqlDG8SenXQ==
  dependencies:
    ms "2.0.0"

delayed-stream@~1.0.0:
  version "1.0.0"
  resolved "https://registry.npmjs.org/delayed-stream/-/delayed-stream-1.0.0.tgz"
  integrity sha512-ZySD7Nf91aLB0RxL4KGrKHBXl7Eds1DAmEdcoVawXnLD7SDhpNgtuII2aAkg7a7QS41jxPSZ17p4VdGnMHk3MQ==

depd@~1.1.0, depd@1.1.0:
  version "1.1.0"
  resolved "https://registry.npmjs.org/depd/-/depd-1.1.0.tgz"
  integrity sha512-SN03SKT2SwhaAKUnRJ47Scnys7ZL2FuogA/6s9u5+58RAyqhsI2HBDZymMB0omazkYVBAwBHW9ONcjd4iZ8hDQ==

destroy@~1.0.4:
  version "1.0.4"
  resolved "https://registry.npmjs.org/destroy/-/destroy-1.0.4.tgz"
  integrity sha512-3NdhDuEXnfun/z7x9GOElY49LoqVHoGScmOKwmxhsS8N5Y+Z8KyPPDnaSzqWgYt/ji4mqwfTS34Htrk0zPIXVg==

dom-serializer@~0.1.0, dom-serializer@0:
  version "0.1.0"
  resolved "https://registry.npmjs.org/dom-serializer/-/dom-serializer-0.1.0.tgz"
  integrity sha512-Fql7PX6CmQNVmoLfp7DlmvFMIL5cwLbm302SycA2iAMr95t1ITX4ilIsUG75rYtMiVLb4EMC5b2o7ApEpIXROg==
  dependencies:
    domelementtype "~1.1.1"
    entities "~1.1.1"

domelementtype@^1.3.0:
  version "1.3.0"
  resolved "https://registry.npmjs.org/domelementtype/-/domelementtype-1.3.0.tgz"
  integrity sha512-hhqPxYi0xK5i9fBMHEgWFxicJy62e5nxy0NdnjGE+DqovMcUsUbIPSkBzZ2O6PwYuwNGTf7bh/DMKmMdATSsTg==

domelementtype@~1.1.1, domelementtype@1:
  version "1.1.3"
  resolved "https://registry.npmjs.org/domelementtype/-/domelementtype-1.1.3.tgz"
  integrity sha512-zEvAAsFY0DeHkrqWBRkSsmgaE7yADgpez40JUFjISb+uzSinl2F6QbG4lMEBE4P06gCGF6VnsykmbNgu7ZIHzA==

domhandler@^2.3.0:
  version "2.4.1"
  resolved "https://registry.npmjs.org/domhandler/-/domhandler-2.4.1.tgz"
  integrity sha512-j/nPtjIvPTcloeLUJ3FXpck1Ey6jZEyXx2Xni9GiHrBl56cYnSqOGMNzmzspo+U7+m4zncrzs3a42IYSvOig0A==
  dependencies:
    domelementtype "1"

domutils@^1.5.1, domutils@1.5.1:
  version "1.5.1"
  resolved "https://registry.npmjs.org/domutils/-/domutils-1.5.1.tgz"
  integrity sha512-gSu5Oi/I+3wDENBsOWBiRK1eoGxcywYSqg3rR960/+EfY0CF4EX1VPkgHOZ3WiS/Jg2DtliF6BhWcHlfpYUcGw==
  dependencies:
    dom-serializer "0"
    domelementtype "1"

ecc-jsbn@~0.1.1:
  version "0.1.1"
  resolved "https://registry.npmjs.org/ecc-jsbn/-/ecc-jsbn-0.1.1.tgz"
  integrity sha512-8Pvg9QY16SYajEL9W1Lk+9yM7XCK/MOq2wibslLZYAAEEkbAIO6mLkW+GFYbvvw8qTuDFzFMg40rS9IxkNCWPg==
  dependencies:
    jsbn "~0.1.0"

ee-first@1.1.1:
  version "1.1.1"
  resolved "https://registry.npmjs.org/ee-first/-/ee-first-1.1.1.tgz"
  integrity sha512-WMwm9LhRUo+WUaRN+vRuETqG89IgZphVSNkdFgeb6sS/E4OrDIN7t48CAewSHXc6C8lefD8KKfr5vY61brQlow==

ejs@~2.5.6:
  version "2.5.6"
  resolved "https://registry.npmjs.org/ejs/-/ejs-2.5.6.tgz"
  integrity sha512-YhFduT4GNzBLrHuqCYQ/nmyFntPMKyR3G1QVydzofhNi3vGwamhOm2VO4CyYEdyNuc7DGfsl1GlfmqJFtjYNLw==

encodeurl@~1.0.1:
  version "1.0.1"
  resolved "https://registry.npmjs.org/encodeurl/-/encodeurl-1.0.1.tgz"
  integrity sha512-Emsft8lNRSZ7+fFm2KgTM8OZPcfHip/hNMSkje83n+LqPx5tI4xkCxyunJIG3EZsWHz9sqzohiPR6monRXWD8g==

entities@^1.1.1, entities@~1.1.1:
  version "1.1.1"
  resolved "https://registry.npmjs.org/entities/-/entities-1.1.1.tgz"
  integrity sha512-bWStsIg5+vWzgtKoA/pkAIJzRAeUatnImqcK4CyHd2KoNq3fCg/tHDoE/7e81yRq9Xg8XUSvAcsSaMCp4a3HuQ==

escape-html@~1.0.3:
  version "1.0.3"
  resolved "https://registry.npmjs.org/escape-html/-/escape-html-1.0.3.tgz"
  integrity sha512-NiSupZ4OeuGwr68lGIeym/ksIZMJodUGOSCZ/FSnTxcrekbvqrgdUxlJOMpijaKZVjAJrWrGs/6Jy8OMuyj9ow==

etag@~1.8.0:
  version "1.8.0"
  resolved "https://registry.npmjs.org/etag/-/etag-1.8.0.tgz"
  integrity sha512-cNpO3IDp+dpOoM+0nNZYJc3ztKz+t6jLuX2Xs87qsFIrlgAqm83zPHtgrbxIREdky8mNTB2o2gIYqx9155CQlA==

express@~4.15.2:
  version "4.15.3"
  resolved "https://registry.npmjs.org/express/-/express-4.15.3.tgz"
  integrity sha512-eyQPXY6coAN6NpdZhXZsAvoGSvWZtYq1S6YCBA86+RTwzzecvLvgPR/Jm+MR0otFUzLnmI/lfv79aoIMDpWW8w==
  dependencies:
    accepts "~1.3.3"
    array-flatten "1.1.1"
    content-disposition "0.5.2"
    content-type "~1.0.2"
    cookie "0.3.1"
    cookie-signature "1.0.6"
    debug "2.6.7"
    depd "~1.1.0"
    encodeurl "~1.0.1"
    escape-html "~1.0.3"
    etag "~1.8.0"
    finalhandler "~1.0.3"
    fresh "0.5.0"
    merge-descriptors "1.0.1"
    methods "~1.1.2"
    on-finished "~2.3.0"
    parseurl "~1.3.1"
    path-to-regexp "0.1.7"
    proxy-addr "~1.1.4"
    qs "6.4.0"
    range-parser "~1.2.0"
    send "0.15.3"
    serve-static "1.12.3"
    setprototypeof "1.0.3"
    statuses "~1.3.1"
    type-is "~1.6.15"
    utils-merge "1.0.0"
    vary "~1.1.1"

extend@~3.0.0:
  version "3.0.1"
  resolved "https://registry.npmjs.org/extend/-/extend-3.0.1.tgz"
  integrity sha512-u1aUSYGdAQxyguoP919qsgj24krDCtaO/DJFNPwFmojMmKp14gtCTVsc8lQSqRDFrwAch+mxMWC8/6ZJPz5Hpw==

extsprintf@1.0.2:
  version "1.0.2"
  resolved "https://registry.npmjs.org/extsprintf/-/extsprintf-1.0.2.tgz"
  integrity sha512-g21Br4ELmVaKCVSUSSTXecKG+MiLcHFoby5RPPUmfZdhQTontXUOPf0QK/TvreRjgItRiyO928zxR4TCrnuwmA==

feedparser@^2.2.0:
  version "2.2.0"
  resolved "https://registry.npmjs.org/feedparser/-/feedparser-2.2.0.tgz"
  integrity sha512-OQX7A6BiZ9mW3dzdZ6erg2lATBKXbiQzv2JS1mp9NjOVY22MebtZHfUSmVqDdcQU7nG2ogMHndDrSpOoqtdSXA==
  dependencies:
    addressparser "^1.0.1"
    array-indexofobject "~0.0.1"
    lodash.assign "^4.2.0"
    lodash.get "^4.4.2"
    lodash.has "^4.5.2"
    lodash.uniq "^4.5.0"
    readable-stream "^2.2.2"
    sax "^1.2.1"

finalhandler@~1.0.3:
  version "1.0.3"
  resolved "https://registry.npmjs.org/finalhandler/-/finalhandler-1.0.3.tgz"
  integrity sha512-Crb5GWw1cfFnZlZ3LJYAQCMbrfsKoV7+DNSvCQpwbybd+8tkrjHad5JuCJhunq8gJ80AqqsvbWxQSDBYxkr5tw==
  dependencies:
    debug "2.6.7"
    encodeurl "~1.0.1"
    escape-html "~1.0.3"
    on-finished "~2.3.0"
    parseurl "~1.3.1"
    statuses "~1.3.1"
    unpipe "~1.0.0"

forever-agent@~0.6.1:
  version "0.6.1"
  resolved "https://registry.npmjs.org/forever-agent/-/forever-agent-0.6.1.tgz"
  integrity sha512-j0KLYPhm6zeac4lz3oJ3o65qvgQCcPubiyotZrXqEaG4hNagNYO8qdlUrX5vwqv9ohqeT/Z3j6+yW067yWWdUw==

form-data@~2.1.1:
  version "2.1.4"
  resolved "https://registry.npmjs.org/form-data/-/form-data-2.1.4.tgz"
  integrity sha512-8HWGSLAPr+AG0hBpsqi5Ob8HrLStN/LWeqhpFl14d7FJgHK48TmgLoALPz69XSUR65YJzDfLUX/BM8+MLJLghQ==
  dependencies:
    asynckit "^0.4.0"
    combined-stream "^1.0.5"
    mime-types "^2.1.12"

forwarded@~0.1.0:
  version "0.1.0"
  resolved "https://registry.npmjs.org/forwarded/-/forwarded-0.1.0.tgz"
  integrity sha512-h17abE+9l03GtF7H+Tdf/exIbFnOgiOieYrtBfleXuDTU3jGncrv4oLOIuXnFPveDuQPd9kd3MGkhKaMGoQwOA==

fresh@0.5.0:
  version "0.5.0"
  resolved "https://registry.npmjs.org/fresh/-/fresh-0.5.0.tgz"
  integrity sha512-FveevZlqNSIBombLEB9L3WyWg74r6d0sk+unzqKmt33b5egY0YXDFWIQ/t2Fzr9mgBLL0BlL0/rdg8Oq1C0SVw==

getpass@^0.1.1:
  version "0.1.7"
  resolved "https://registry.npmjs.org/getpass/-/getpass-0.1.7.tgz"
  integrity sha512-0fzj9JxOLfJ+XGLhR8ze3unN0KZCgZwiSSDz168VERjK8Wl8kVSdcu2kspd4s4wtAa1y/qrVRiAA0WclVsu0ng==
  dependencies:
    assert-plus "^1.0.0"

graceful-fs@^4.1.6:
  version "4.1.11"
  resolved "https://registry.npmjs.org/graceful-fs/-/graceful-fs-4.1.11.tgz"
  integrity sha512-9x6DLUuW+ROFdMTII9ec9t/FK8va6kYcC8/LggumssLM8kNv7IdFl3VrNUqgir2tJuBVxBga1QBoRziZacO5Zg==

har-schema@^1.0.5:
  version "1.0.5"
  resolved "https://registry.npmjs.org/har-schema/-/har-schema-1.0.5.tgz"
  integrity sha512-f8xf2GOR6Rgwc9FPTLNzgwB+JQ2/zMauYXSWmX5YV5acex6VomT0ocSuwR7BfXo5MpHi+jL+saaux2fwsGJDKQ==

har-validator@~4.2.1:
  version "4.2.1"
  resolved "https://registry.npmjs.org/har-validator/-/har-validator-4.2.1.tgz"
  integrity sha512-5Gbp6RAftMYYV3UEI4c4Vv3+a4dQ7taVyvHt+/L6kRt+f4HX1GweAk5UDWN0SvdVnRBzGQ6OG89pGaD9uSFnVw==
  dependencies:
    ajv "^4.9.1"
    har-schema "^1.0.5"

hawk@~3.1.3:
  version "3.1.3"
  resolved "https://registry.npmjs.org/hawk/-/hawk-3.1.3.tgz"
  integrity sha512-X8xbmTc1cbPXcQV4WkLcRMALuyoxhfpFATmyuCxJPOAvrDS4DNnsTAOmKUxMTOWU6TzrTOkxPKwIx5ZOpJVSrg==
  dependencies:
    boom "2.x.x"
    cryptiles "2.x.x"
    hoek "2.x.x"
    sntp "1.x.x"

he@^1.0.0:
  version "1.1.1"
  resolved "https://registry.npmjs.org/he/-/he-1.1.1.tgz"
  integrity sha512-z/GDPjlRMNOa2XJiB4em8wJpuuBfrFOlYKTZxtpkdr1uPdibHI8rYA3MY0KDObpVyaes0e/aunid/t88ZI2EKA==

hoek@2.x.x:
  version "2.16.3"
  resolved "https://registry.npmjs.org/hoek/-/hoek-2.16.3.tgz"
  integrity sha512-V6Yw1rIcYV/4JsnggjBU0l4Kr+EXhpwqXRusENU1Xx6ro00IHPHYNynCuBTOZAPlr3AAmLvchH9I7N/VUdvOwQ==

html-to-text@^3.2.0:
  version "3.3.0"
  resolved "https://registry.npmjs.org/html-to-text/-/html-to-text-3.3.0.tgz"
  integrity sha512-zcaA9ZF52uIT8T20KiUAUhbg2cvITIsoh8rStEWkUl3TJ6u+xVaQkYRQyxhtkJKL7uwtVM8hXUbFU8HTqlfNKA==
  dependencies:
    he "^1.0.0"
    htmlparser2 "^3.9.2"
    optimist "^0.6.1"
    underscore "^1.8.3"
    underscore.string "^3.2.3"

htmlparser2@^3.9.1, htmlparser2@^3.9.2:
  version "3.9.2"
  resolved "https://registry.npmjs.org/htmlparser2/-/htmlparser2-3.9.2.tgz"
  integrity sha512-RSOwLNCnCLDRB9XpSfCzsLzzX8COezhJ3D4kRBNWh0NC/facp1hAMmM8zD7kC01My8vD6lGEbPMlbRW/EwGK5w==
  dependencies:
    domelementtype "^1.3.0"
    domhandler "^2.3.0"
    domutils "^1.5.1"
    entities "^1.1.1"
    inherits "^2.0.1"
    readable-stream "^2.0.2"

http-errors@~1.6.1:
  version "1.6.1"
  resolved "https://registry.npmjs.org/http-errors/-/http-errors-1.6.1.tgz"
  integrity sha512-O/lLS06486+l1FVAXghMHAJB3tCg2R5jvGnIQ47X4K1FzfsVs51djHpmwPSzkJ77qIihOV8ONelhSBgfHGG0FA==
  dependencies:
    depd "1.1.0"
    inherits "2.0.3"
    setprototypeof "1.0.3"
    statuses ">= 1.3.1 < 2"

http-signature@~1.1.0:
  version "1.1.1"
  resolved "https://registry.npmjs.org/http-signature/-/http-signature-1.1.1.tgz"
  integrity sha512-iUn0NcRULlDGtqNLN1Jxmzayk8ogm7NToldASyZBpM2qggbphjXzNOiw3piN8tgz+e/DRs6X5gAzFwTI6BCRcg==
  dependencies:
    assert-plus "^0.2.0"
    jsprim "^1.2.2"
    sshpk "^1.7.0"

iconv-lite@^0.4.4, iconv-lite@0.4.15:
  version "0.4.15"
  resolved "https://registry.npmjs.org/iconv-lite/-/iconv-lite-0.4.15.tgz"
  integrity sha512-RGR+c9Lm+tLsvU57FTJJtdbv2hQw42Yl2n26tVIBaYmZzLN+EGfroUugN/z9nJf9kOXd49hBmpoGr4FEm+A4pw==

inherits@^2.0.1, inherits@~2.0.1, inherits@2.0.3:
  version "2.0.3"
  resolved "https://registry.npmjs.org/inherits/-/inherits-2.0.3.tgz"
  integrity sha512-x00IRNXNy63jwGkJmzPigoySHbaqpNuzKbBOmzK+g2OdZpQ9w+sxCN+VSB3ja7IAge2OP2qpfxTjeNcyjmW1uw==

ipaddr.js@1.3.0:
  version "1.3.0"
  resolved "https://registry.npmjs.org/ipaddr.js/-/ipaddr.js-1.3.0.tgz"
  integrity sha512-d9mR/MvadaWPcqIpjtiKLgmNlO3587a9a+ZRUcwD4zguIV+zh+OX9U5/+ce5Ouw4DA54f+EMzmwCJDtlYoaR8Q==

is-typedarray@~1.0.0:
  version "1.0.0"
  resolved "https://registry.npmjs.org/is-typedarray/-/is-typedarray-1.0.0.tgz"
  integrity sha512-cyA56iCMHAh5CdzjJIa4aohJyeO1YbwLi3Jc35MmRU6poroFjIGZzUzupGiRPOjgHg9TLu43xbpwXk523fMxKA==

isarray@~1.0.0:
  version "1.0.0"
  resolved "https://registry.npmjs.org/isarray/-/isarray-1.0.0.tgz"
  integrity sha512-VLghIWNM6ELQzo7zwmcg0NmTVyWKYjvIeM83yjp0wRDTmUnrM678fQbcKBo6n2CJEF0szoG//ytg+TKla89ALQ==

isstream@~0.1.2:
  version "0.1.2"
  resolved "https://registry.npmjs.org/isstream/-/isstream-0.1.2.tgz"
  integrity sha512-Yljz7ffyPbrLpLngrMtZ7NduUgVvi6wG9RJ9IUcyCd59YQ911PBJphODUcbOVbqYfxe1wuYf/LJ8PauMRwsM/g==

jsbn@~0.1.0:
  version "0.1.1"
  resolved "https://registry.npmjs.org/jsbn/-/jsbn-0.1.1.tgz"
  integrity sha512-UVU9dibq2JcFWxQPA6KCqj5O42VOmAY3zQUfEKxU0KpTGXwNoCjkX1e13eHNvw/xPynt6pU0rZ1htjWTNTSXsg==

json-schema@0.2.3:
  version "0.2.3"
  resolved "https://registry.npmjs.org/json-schema/-/json-schema-0.2.3.tgz"
  integrity sha512-a3xHnILGMtk+hDOqNwHzF6e2fNbiMrXZvxKQiEv2MlgQP+pjIOzqAmKYD2mDpXYE/44M7g+n9p2bKkYWDUcXCQ==

json-stable-stringify@^1.0.1:
  version "1.0.1"
  resolved "https://registry.npmjs.org/json-stable-stringify/-/json-stable-stringify-1.0.1.tgz"
  integrity sha512-i/J297TW6xyj7sDFa7AmBPkQvLIxWr2kKPWI26tXydnZrzVAocNqn5DMNT1Mzk0vit1V5UkRM7C1KdVNp7Lmcg==
  dependencies:
    jsonify "~0.0.0"

json-stringify-safe@~5.0.1:
  version "5.0.1"
  resolved "https://registry.npmjs.org/json-stringify-safe/-/json-stringify-safe-5.0.1.tgz"
  integrity sha512-ZClg6AaYvamvYEE82d3Iyd3vSSIjQ+odgjaTzRuO3s7toCdFKczob2i0zCh7JE8kWn17yvAWhUVxvqGwUalsRA==

jsonfile@^3.0.0:
  version "3.0.0"
  resolved "https://registry.npmjs.org/jsonfile/-/jsonfile-3.0.0.tgz"
  integrity sha512-wBIyAFsOvfswPnacLA8XxlVXZM+bCI/VPogJwSaBoY5SMftKx51dbBczgv0mHl2eyS3OrKJZ4Z5q75Wvn+aJgQ==
  optionalDependencies:
    graceful-fs "^4.1.6"

jsonify@~0.0.0:
  version "0.0.0"
  resolved "https://registry.npmjs.org/jsonify/-/jsonify-0.0.0.tgz"
  integrity sha512-trvBk1ki43VZptdBI5rIlG4YOzyeH/WefQt5rj1grasPn4iiZWKet8nkgc4GlsAylaztn0qZfUYOiTsASJFdNA==

jsprim@^1.2.2:
  version "1.4.0"
  resolved "https://registry.npmjs.org/jsprim/-/jsprim-1.4.0.tgz"
  integrity sha512-OyKQuabgqUi2RUPauBrfZNoCb0KNoulf1DqQ07rUW2vzauzXAq/uUe7oDstV/2RavaxGn7NfcI/F2hrBk38Fbg==
  dependencies:
    assert-plus "1.0.0"
    extsprintf "1.0.2"
    json-schema "0.2.3"
    verror "1.3.6"

lodash.assign@^4.2.0:
  version "4.2.0"
  resolved "https://registry.npmjs.org/lodash.assign/-/lodash.assign-4.2.0.tgz"
  integrity sha512-hFuH8TY+Yji7Eja3mGiuAxBqLagejScbG8GbG0j6o9vzn0YL14My+ktnqtZgFTosKymC9/44wP6s7xyuLfnClw==

lodash.assignin@^4.0.9:
  version "4.2.0"
  resolved "https://registry.npmjs.org/lodash.assignin/-/lodash.assignin-4.2.0.tgz"
  integrity sha512-yX/rx6d/UTVh7sSVWVSIMjfnz95evAgDFdb1ZozC35I9mSFCkmzptOzevxjgbQUsc78NR44LVHWjsoMQXy9FDg==

lodash.bind@^4.1.4:
  version "4.2.1"
  resolved "https://registry.npmjs.org/lodash.bind/-/lodash.bind-4.2.1.tgz"
  integrity sha512-lxdsn7xxlCymgLYo1gGvVrfHmkjDiyqVv62FAeF2i5ta72BipE1SLxw8hPEPLhD4/247Ijw07UQH7Hq/chT5LA==

lodash.defaults@^4.0.1:
  version "4.2.0"
  resolved "https://registry.npmjs.org/lodash.defaults/-/lodash.defaults-4.2.0.tgz"
  integrity sha512-qjxPLHd3r5DnsdGacqOMU6pb/avJzdh9tFX2ymgoZE27BmjXrNy/y4LoaiTeAb+O3gL8AfpJGtqfX/ae2leYYQ==

lodash.filter@^4.4.0:
  version "4.6.0"
  resolved "https://registry.npmjs.org/lodash.filter/-/lodash.filter-4.6.0.tgz"
  integrity sha512-pXYUy7PR8BCLwX5mgJ/aNtyOvuJTdZAo9EQFUvMIYugqmJxnrYaANvTbgndOzHSCSR0wnlBBfRXJL5SbWxo3FQ==

lodash.flatten@^4.2.0:
  version "4.4.0"
  resolved "https://registry.npmjs.org/lodash.flatten/-/lodash.flatten-4.4.0.tgz"
  integrity sha512-C5N2Z3DgnnKr0LOpv/hKCgKdb7ZZwafIrsesve6lmzvZIRZRGaZ/l6Q8+2W7NaT+ZwO3fFlSCzCzrDCFdJfZ4g==

lodash.foreach@^4.3.0:
  version "4.5.0"
  resolved "https://registry.npmjs.org/lodash.foreach/-/lodash.foreach-4.5.0.tgz"
  integrity sha512-aEXTF4d+m05rVOAUG3z4vZZ4xVexLKZGF0lIxuHZ1Hplpk/3B6Z1+/ICICYRLm7c41Z2xiejbkCkJoTlypoXhQ==

lodash.get@^4.4.2:
  version "4.4.2"
  resolved "https://registry.npmjs.org/lodash.get/-/lodash.get-4.4.2.tgz"
  integrity sha512-z+Uw/vLuy6gQe8cfaFWD7p0wVv8fJl3mbzXh33RS+0oW2wvUqiRXiQ69gLWSLpgB5/6sU+r6BlQR0MBILadqTQ==

lodash.has@^4.5.2:
  version "4.5.2"
  resolved "https://registry.npmjs.org/lodash.has/-/lodash.has-4.5.2.tgz"
  integrity sha512-rnYUdIo6xRCJnQmbVFEwcxF144erlD+M3YcJUVesflU9paQaE8p+fJDcIQrlMYbxoANFL+AB9hZrzSBBk5PL+g==

lodash.map@^4.4.0:
  version "4.6.0"
  resolved "https://registry.npmjs.org/lodash.map/-/lodash.map-4.6.0.tgz"
  integrity sha512-worNHGKLDetmcEYDvh2stPCrrQRkP20E4l0iIS7F8EvzMqBBi7ltvFN5m1HvTf1P7Jk1txKhvFcmYsCr8O2F1Q==

lodash.merge@^4.4.0:
  version "4.6.0"
  resolved "https://registry.npmjs.org/lodash.merge/-/lodash.merge-4.6.0.tgz"
  integrity sha512-yP6Me/9MwNfgOdUmMspV4xyjBVktgzlKDYLC9tSmldZGD7stwi6D+bbKihbMDLvFWnP9hr44lidKv5ETe82DKQ==

lodash.pick@^4.2.1:
  version "4.4.0"
  resolved "https://registry.npmjs.org/lodash.pick/-/lodash.pick-4.4.0.tgz"
  integrity sha512-hXt6Ul/5yWjfklSGvLQl8vM//l3FtyHZeuelpzK6mm99pNvN9yTDruNZPEJZD1oWrqo+izBmB7oUfWgcCX7s4Q==

lodash.reduce@^4.4.0:
  version "4.6.0"
  resolved "https://registry.npmjs.org/lodash.reduce/-/lodash.reduce-4.6.0.tgz"
  integrity sha512-6raRe2vxCYBhpBu+B+TtNGUzah+hQjVdu3E17wfusjyrXBka2nBS8OH/gjVZ5PvHOhWmIZTYri09Z6n/QfnNMw==

lodash.reject@^4.4.0:
  version "4.6.0"
  resolved "https://registry.npmjs.org/lodash.reject/-/lodash.reject-4.6.0.tgz"
  integrity sha512-qkTuvgEzYdyhiJBx42YPzPo71R1aEr0z79kAv7Ixg8wPFEjgRgJdUsGMG3Hf3OYSF/kHI79XhNlt+5Ar6OzwxQ==

lodash.some@^4.4.0:
  version "4.6.0"
  resolved "https://registry.npmjs.org/lodash.some/-/lodash.some-4.6.0.tgz"
  integrity sha512-j7MJE+TuT51q9ggt4fSgVqro163BEFjAt3u97IqU+JA2DkWl80nFTrowzLpZ/BnpN7rrl0JA/593NAdd8p/scQ==

lodash.uniq@^4.5.0:
  version "4.5.0"
  resolved "https://registry.npmjs.org/lodash.uniq/-/lodash.uniq-4.5.0.tgz"
  integrity sha512-xfBaXQd9ryd9dlSDvnvI0lvxfLJlYAZzXomUYzLKtUeOQvOP5piqAWuGtrhWeqaXK9hhoM/iyJc5AV+XfsX3HQ==

lodash@^4.17.4:
  version "4.17.4"
  resolved "https://registry.npmjs.org/lodash/-/lodash-4.17.4.tgz"
  integrity sha512-6X37Sq9KCpLSXEh8uM12AKYlviHPNNk4RxiGBn4cmKGJinbXBneWIV7iE/nXkM928O7ytHcHb6+X6Svl0f4hXg==

media-typer@0.3.0:
  version "0.3.0"
  resolved "https://registry.npmjs.org/media-typer/-/media-typer-0.3.0.tgz"
  integrity sha512-dq+qelQ9akHpcOl/gUVRTxVIOkAJ1wR3QAvb4RsVjS8oVoFjDGTc679wJYmUmknUF5HwMLOgb5O+a3KxfWapPQ==

memory-cache@^0.1.6:
  version "0.1.6"
  resolved "https://registry.npmjs.org/memory-cache/-/memory-cache-0.1.6.tgz"
  integrity sha512-GUUDpK+WLRcBQYssAPCwriSBZZAIFy4GQiCNbs2ta00BsTH8K5nxH6YBcvT1SPi5iwoLaOJ/MdIuNX/zQycpdw==

merge-descriptors@1.0.1:
  version "1.0.1"
  resolved "https://registry.npmjs.org/merge-descriptors/-/merge-descriptors-1.0.1.tgz"
  integrity sha512-cCi6g3/Zr1iqQi6ySbseM1Xvooa98N0w31jzUYrXPX2xqObmFGHJ0tQ5u74H3mVh7wLouTseZyYIq39g8cNp1w==

methods@~1.1.2:
  version "1.1.2"
  resolved "https://registry.npmjs.org/methods/-/methods-1.1.2.tgz"
  integrity sha512-iclAHeNqNm68zFtnZ0e+1L2yUIdvzNoauKU4WBA3VvH/vPFieF7qfRlwUZU+DA9P9bPXIS90ulxoUoCH23sV2w==

mime-db@~1.27.0:
  version "1.27.0"
  resolved "https://registry.npmjs.org/mime-db/-/mime-db-1.27.0.tgz"
  integrity sha512-DNhC90PjVkQJpLVP+ct0lmKPQWAHFy+67X8IBOx+mda/I9vsrdJO/zoyEJdQdLsofi/l8GAG+IsfB0XCPLyLHg==

mime-types@^2.1.12, mime-types@~2.1.11, mime-types@~2.1.15, mime-types@~2.1.7:
  version "2.1.15"
  resolved "https://registry.npmjs.org/mime-types/-/mime-types-2.1.15.tgz"
  integrity sha512-PjleM8evsL+OvsuE6EXom+8QAcSYALjmw+vYFqH8I+/+wNlewVgbM7/O1wcdCVL/ta8SC6l6BEK7A0/mZywpfg==
  dependencies:
    mime-db "~1.27.0"

mime@1.3.4:
  version "1.3.4"
  resolved "https://registry.npmjs.org/mime/-/mime-1.3.4.tgz"
  integrity sha512-sAaYXszED5ALBt665F0wMQCUXpGuZsGdopoqcHPdL39ZYdi7uHoZlhrfZfhv8WzivhBzr/oXwaj+yiK5wY8MXQ==

minimist@~0.0.1:
  version "0.0.10"
  resolved "https://registry.npmjs.org/minimist/-/minimist-0.0.10.tgz"
  integrity sha512-iotkTvxc+TwOm5Ieim8VnSNvCDjCK9S8G3scJ50ZthspSxa7jx50jkhYduuAtAjvfDUwSgOwf8+If99AlOEhyw==

moment@^2.18.1:
  version "2.18.1"
  resolved "https://registry.npmjs.org/moment/-/moment-2.18.1.tgz"
  integrity sha512-QGcnVKRSEhbWy2i0pqFhjWMCczL/YU5ICMB3maUavFcyUqBszRnzsswvOaGOqSfWZ/R+dMnb9gGBuRT4LMTdVQ==

morgan@~1.8.1:
  version "1.8.2"
  resolved "https://registry.npmjs.org/morgan/-/morgan-1.8.2.tgz"
  integrity sha512-XphtlsSgT7ISH8TCvfK+twQE/7xaU/lE9xy5FBcQBxFyvDLG2BZleWZx7pikwb+2VT8B4pv43ud8klzEADQQAw==
  dependencies:
    basic-auth "~1.1.0"
    debug "2.6.8"
    depd "~1.1.0"
    on-finished "~2.3.0"
    on-headers "~1.0.1"

ms@2.0.0:
  version "2.0.0"
  resolved "https://registry.npmjs.org/ms/-/ms-2.0.0.tgz"
  integrity sha512-Tpp60P6IUJDTuOq/5Z8cdskzJujfwqfOTkrwIwj7IRISpnkJnT6SyJ4PCPnGMoFjC9ddhal5KVIYtAt97ix05A==

needle@^1.6.0:
  version "1.6.0"
  resolved "https://registry.npmjs.org/needle/-/needle-1.6.0.tgz"
  integrity sha512-ogVK1D/Cgemw2vM1KJN6B83DwcKbDepdkMNtVJcXIe+xoaCOdC+aJHzhEov7xjsY9S7rBIuHP59W1fLsbGqDhA==
  dependencies:
    debug "^2.1.2"
    iconv-lite "^0.4.4"

negotiator@0.6.1:
  version "0.6.1"
  resolved "https://registry.npmjs.org/negotiator/-/negotiator-0.6.1.tgz"
  integrity sha512-qTxkr1RoLw5Pz+1+PTJ/66hWuyi2LEOeOuIDJDlx6JF8x75bmD5C7qXTg2UlX5W9rLfkqKP+r8q6Vy6NWdWrbw==

nth-check@~1.0.1:
  version "1.0.1"
  resolved "https://registry.npmjs.org/nth-check/-/nth-check-1.0.1.tgz"
  integrity sha512-lTD1gl0OIJzVFadNdZ1Tc+Z1vqRlYr6syYgCvhtoOxl5T3c8mufKaJ0XEiaJ+HQSYbCaSH/NP5m5p+so/nTOOA==
  dependencies:
    boolbase "~1.0.0"

oauth-sign@~0.8.1:
  version "0.8.2"
  resolved "https://registry.npmjs.org/oauth-sign/-/oauth-sign-0.8.2.tgz"
  integrity sha512-VlF07iu3VV3+BTXj43Nmp6Irt/G7j/NgEctUS6IweH1RGhURjjCc2NWtzXFPXXWWfc7hgbXQdtiQu2LGp6MxUg==

on-finished@~2.3.0:
  version "2.3.0"
  resolved "https://registry.npmjs.org/on-finished/-/on-finished-2.3.0.tgz"
  integrity sha512-ikqdkGAAyf/X/gPhXGvfgAytDZtDbr+bkNUJ0N9h5MI/dmdgCs3l6hoHrcUv41sRKew3jIwrp4qQDXiK99Utww==
  dependencies:
    ee-first "1.1.1"

on-headers@~1.0.1:
  version "1.0.1"
  resolved "https://registry.npmjs.org/on-headers/-/on-headers-1.0.1.tgz"
  integrity sha512-Hmfug855QMIrXA8SCoblfPRTzkGwAOMaSygo5hN2fC5Se2YJLJGPaC0wytTWMAplYipqVY9FZQLKGQjwqoYyqA==

optimist@^0.6.1:
  version "0.6.1"
  resolved "https://registry.npmjs.org/optimist/-/optimist-0.6.1.tgz"
  integrity sha512-snN4O4TkigujZphWLN0E//nQmm7790RYaE53DdL7ZYwee2D8DDo9/EyYiKUfN3rneWUjhJnueija3G9I2i0h3g==
  dependencies:
    minimist "~0.0.1"
    wordwrap "~0.0.2"

parseurl@~1.3.1:
  version "1.3.1"
  resolved "https://registry.npmjs.org/parseurl/-/parseurl-1.3.1.tgz"
  integrity sha512-jcXcz8qX3IIi+Uf1Ut1TS2aNx2pLbVcFxIWZMcErWNrqFfTE1e+Q1stJkCOnzWBsxCTZJ0xmHtT4P8K0DnQQRA==

path-to-regexp@0.1.7:
  version "0.1.7"
  resolved "https://registry.npmjs.org/path-to-regexp/-/path-to-regexp-0.1.7.tgz"
  integrity sha512-5DFkuoqlv1uYQKxy8omFBeJPQcdoE07Kv2sferDCrAq1ohOU+MSDswDIbnx3YAM60qIOnYa53wBhXW0EbMonrQ==

performance-now@^0.2.0:
  version "0.2.0"
  resolved "https://registry.npmjs.org/performance-now/-/performance-now-0.2.0.tgz"
  integrity sha512-YHk5ez1hmMR5LOkb9iJkLKqoBlL7WD5M8ljC75ZfzXriuBIVNuecaXuU7e+hOwyqf24Wxhh7Vxgt7Hnw9288Tg==

process-nextick-args@~1.0.6:
  version "1.0.7"
  resolved "https://registry.npmjs.org/process-nextick-args/-/process-nextick-args-1.0.7.tgz"
  integrity sha512-yN0WQmuCX63LP/TMvAg31nvT6m4vDqJEiiv2CAZqWOGNWutc9DfDk1NPYYmKUFmaVM2UwDowH4u5AHWYP/jxKw==

proxy-addr@~1.1.4:
  version "1.1.4"
  resolved "https://registry.npmjs.org/proxy-addr/-/proxy-addr-1.1.4.tgz"
  integrity sha512-G/noElq/twFBfS4WnyIyGwJgBeUTmsiMnpy1H8jRsBBcP0vn9ncxIZKA2PkK5guEUbb+98BduZnrupe1AN3ziw==
  dependencies:
    forwarded "~0.1.0"
    ipaddr.js "1.3.0"

punycode@^1.4.1:
  version "1.4.1"
  resolved "https://registry.npmjs.org/punycode/-/punycode-1.4.1.tgz"
  integrity sha512-jmYNElW7yvO7TV33CjSmvSiE2yco3bV2czu/OzDKdMNVZQWfxCblURLhf+47syQRBntjfLdd/H0egrzIG+oaFQ==

qs@~6.4.0, qs@6.4.0:
  version "6.4.0"
  resolved "https://registry.npmjs.org/qs/-/qs-6.4.0.tgz"
  integrity sha512-Qs6dfgR5OksK/PSxl1kGxiZgEQe8RqJMB9wZqVlKQfU+zzV+HY77pWJnoJENACKDQByWdpr8ZPIh1TBi4lpiSQ==

range-parser@~1.2.0:
  version "1.2.0"
  resolved "https://registry.npmjs.org/range-parser/-/range-parser-1.2.0.tgz"
  integrity sha512-kA5WQoNVo4t9lNx2kQNFCxKeBl5IbbSNBl1M/tLkw9WCn+hxNBAW5Qh8gdhs63CJnhjJ2zQWFoqPJP2sK1AV5A==

raw-body@~2.2.0:
  version "2.2.0"
  resolved "https://registry.npmjs.org/raw-body/-/raw-body-2.2.0.tgz"
  integrity sha512-C6xnwM0GY3tP6cwSzBTjPIW/PgxwxxHAyDoO4q4Ajyf80TyU2e5IsMwumoJf5WXiAVG77u2SDEFUM/9T+9oC0g==
  dependencies:
    bytes "2.4.0"
    iconv-lite "0.4.15"
    unpipe "1.0.0"

readable-stream@^2.0.2, readable-stream@^2.2.2:
  version "2.2.11"
  resolved "https://registry.npmjs.org/readable-stream/-/readable-stream-2.2.11.tgz"
  integrity sha512-h+8+r3MKEhkiVrwdKL8aWs1oc1VvBu33ueshOvS26RsZQ3Amhx/oO3TKe4lApSV9ueY6as8EAh7mtuFjdlhg9Q==
  dependencies:
    core-util-is "~1.0.0"
    inherits "~2.0.1"
    isarray "~1.0.0"
    process-nextick-args "~1.0.6"
    safe-buffer "~5.0.1"
    string_decoder "~1.0.0"
    util-deprecate "~1.0.1"

request@^2.81.0:
  version "2.81.0"
  resolved "https://registry.npmjs.org/request/-/request-2.81.0.tgz"
  integrity sha512-IZnsR7voF0miGSu29EXPRgPTuEsI/+aibNSBbN1pplrfartF5wDYGADz3iD9vmBVf2r00rckWZf8BtS5kk7Niw==
  dependencies:
    aws-sign2 "~0.6.0"
    aws4 "^1.2.1"
    caseless "~0.12.0"
    combined-stream "~1.0.5"
    extend "~3.0.0"
    forever-agent "~0.6.1"
    form-data "~2.1.1"
    har-validator "~4.2.1"
    hawk "~3.1.3"
    http-signature "~1.1.0"
    is-typedarray "~1.0.0"
    isstream "~0.1.2"
    json-stringify-safe "~5.0.1"
    mime-types "~2.1.7"
    oauth-sign "~0.8.1"
    performance-now "^0.2.0"
    qs "~6.4.0"
    safe-buffer "^5.0.1"
    stringstream "~0.0.4"
    tough-cookie "~2.3.0"
    tunnel-agent "^0.6.0"
    uuid "^3.0.0"

safe-buffer@^5.0.1, safe-buffer@~5.0.1, safe-buffer@5.0.1:
  version "5.0.1"
  resolved "https://registry.npmjs.org/safe-buffer/-/safe-buffer-5.0.1.tgz"
  integrity sha512-cr7dZWLwOeaFBLTIuZeYdkfO7UzGIKhjYENJFAxUOMKWGaWDm2nJM2rzxNRm5Owu0DH3ApwNo6kx5idXZfb/Iw==

sax@^1.2.1:
  version "1.2.2"
  resolved "https://registry.npmjs.org/sax/-/sax-1.2.2.tgz"
  integrity sha512-IN2coIooKl8T+3ca83BZTtWUiiYeFRsKCt9NazjxKR4SFXRrbpdR/iwr4B2zCMstVEg+5OFmY/FHh4JJKKS7xA==

schedule@^0.1.0:
  version "0.1.0"
  resolved "https://registry.npmjs.org/schedule/-/schedule-0.1.0.tgz"
  integrity sha512-JIfWGglXLYonq4xh+pmiifHVVAuvU3U10Ebgonq0nV/+01dS0C5aY/5zfjq3hA42wlipc+2oK+khPAvQHQADxw==

send@0.15.3:
  version "0.15.3"
  resolved "https://registry.npmjs.org/send/-/send-0.15.3.tgz"
  integrity sha512-w21BXI1HgOfW8PQmKAU7yQJJmTPaXN3zwsAnRXkawmSC+W+pUeAE0rgt3dO5bM+ia3Gy8CDekD1FE/ZZMtlewQ==
  dependencies:
    debug "2.6.7"
    depd "~1.1.0"
    destroy "~1.0.4"
    encodeurl "~1.0.1"
    escape-html "~1.0.3"
    etag "~1.8.0"
    fresh "0.5.0"
    http-errors "~1.6.1"
    mime "1.3.4"
    ms "2.0.0"
    on-finished "~2.3.0"
    range-parser "~1.2.0"
    statuses "~1.3.1"

sentiment-multilang@^0.0.2:
  version "0.0.2"
  resolved "https://registry.npmjs.org/sentiment-multilang/-/sentiment-multilang-0.0.2.tgz"
  integrity sha512-IbpI5l7kla/11jbI3q5kw3bqQ1NpUnh5KOGmM3D5TaXANg2vGeVU83n7i5geH28OMexORlW5ktGsr0G/hjhA6Q==

serve-favicon@~2.4.2:
  version "2.4.3"
  resolved "https://registry.npmjs.org/serve-favicon/-/serve-favicon-2.4.3.tgz"
  integrity sha512-62eqEbbIo6AOvNUR/fbfKHvoY/T+JK01uDZMvGhvDXQHYPOrg7PRHZ2uPeYIabowR40qMUKy8oBJjvECn/OeFw==
  dependencies:
    etag "~1.8.0"
    fresh "0.5.0"
    ms "2.0.0"
    parseurl "~1.3.1"
    safe-buffer "5.0.1"

serve-static@1.12.3:
  version "1.12.3"
  resolved "https://registry.npmjs.org/serve-static/-/serve-static-1.12.3.tgz"
  integrity sha512-M83Sy74z4RJdcXeZUvNjuv/AtjE/38BNYR8h8mgCC8w32QA6hcQx9Efr/YIlmqIDnxNkS1/fcxNJJtK+g9O+QQ==
  dependencies:
    encodeurl "~1.0.1"
    escape-html "~1.0.3"
    parseurl "~1.3.1"
    send "0.15.3"

setprototypeof@1.0.3:
  version "1.0.3"
  resolved "https://registry.npmjs.org/setprototypeof/-/setprototypeof-1.0.3.tgz"
  integrity sha512-9jphSf3UbIgpOX/RKvX02iw/rN2TKdusnsPpGfO/rkcsrd+IRqgHZb4VGnmL0Cynps8Nj2hN45wsi30BzrHDIw==

sntp@1.x.x:
  version "1.0.9"
  resolved "https://registry.npmjs.org/sntp/-/sntp-1.0.9.tgz"
  integrity sha512-7bgVOAnPj3XjrKY577S+puCKGCRlUrcrEdsMeRXlg9Ghf5df/xNi6sONUa43WrHUd3TjJBF7O04jYoiY0FVa0A==
  dependencies:
    hoek "2.x.x"

sprintf-js@^1.0.3:
  version "1.1.1"
  resolved "https://registry.npmjs.org/sprintf-js/-/sprintf-js-1.1.1.tgz"
  integrity sha512-h/U+VScR2Ft+aXDjGTLtguUEIrYuOjTj79BAOElUvdahYMaaa7SNLjJpOIn+Uzt0hsgHfYvlbcno3e9yXOSo8Q==

sshpk@^1.7.0:
  version "1.13.1"
  resolved "https://registry.npmjs.org/sshpk/-/sshpk-1.13.1.tgz"
  integrity sha512-oKPL4k+ld5d737ZPB4VM99bqNb3JH+ZkxwWXR1iSPtqYbZv81hkLD7v8gmclrgR7aA8uh8ar+q0IF7gHFHg7PQ==
  dependencies:
    asn1 "~0.2.3"
    assert-plus "^1.0.0"
    dashdash "^1.12.0"
    getpass "^0.1.1"
  optionalDependencies:
    bcrypt-pbkdf "^1.0.0"
    ecc-jsbn "~0.1.1"
    jsbn "~0.1.0"
    tweetnacl "~0.14.0"

"statuses@>= 1.3.1 < 2", statuses@~1.3.1:
  version "1.3.1"
  resolved "https://registry.npmjs.org/statuses/-/statuses-1.3.1.tgz"
  integrity sha512-wuTCPGlJONk/a1kqZ4fQM2+908lC7fa7nPYpTC1EhnvqLX/IICbeP1OZGDtA374trpSq68YubKUMo8oRhN46yg==

string_decoder@~1.0.0:
  version "1.0.2"
  resolved "https://registry.npmjs.org/string_decoder/-/string_decoder-1.0.2.tgz"
  integrity sha512-ZHS/JKflyPCvJT+8a8OJS/bXK3ckSErTMh0B3/ElQd2KgMB4368ABudiQRXKWpr3MTBETp4ajjIMKCXcife/Aw==
  dependencies:
    safe-buffer "~5.0.1"

stringstream@~0.0.4:
  version "0.0.5"
  resolved "https://registry.npmjs.org/stringstream/-/stringstream-0.0.5.tgz"
  integrity sha512-QUQ1kThMjLRt4jA8lsn9lyIkE9bKafE7LDOL/nBBUY9Tfv2i3x1NAsVHG0uMCusFOWeeI6COhY/F20+avxRWSw==

tough-cookie@~2.3.0:
  version "2.3.2"
  resolved "https://registry.npmjs.org/tough-cookie/-/tough-cookie-2.3.2.tgz"
  integrity sha512-42UXjmzk88F7URyg9wDV/dlQ7hXtl/SDV6xIMVdDq82cnDGQDyg8mI8xGBPOwpEfbhvrja6cJ8H1wr0xxykBKA==
  dependencies:
    punycode "^1.4.1"

tunnel-agent@^0.6.0:
  version "0.6.0"
  resolved "https://registry.npmjs.org/tunnel-agent/-/tunnel-agent-0.6.0.tgz"
  integrity sha512-McnNiV1l8RYeY8tBgEpuodCC1mLUdbSN+CYBL7kJsJNInOP8UjDDEwdk6Mw60vdLLrr5NHKZhMAOSrR2NZuQ+w==
  dependencies:
    safe-buffer "^5.0.1"

tweetnacl@^0.14.3, tweetnacl@~0.14.0:
  version "0.14.5"
  resolved "https://registry.npmjs.org/tweetnacl/-/tweetnacl-0.14.5.tgz"
  integrity sha512-KXXFFdAbFXY4geFIwoyNK+f5Z1b7swfXABfL7HXCmoIWMKU3dmS26672A4EeQtDzLKy7SXmfBu51JolvEKwtGA==

type-is@~1.6.15:
  version "1.6.15"
  resolved "https://registry.npmjs.org/type-is/-/type-is-1.6.15.tgz"
  integrity sha512-0uqZYZDiBICTVXEsNcDLueZLPgZ8FgGe8lmVDQ0FcVFUeaxsPbFWiz60ZChVw8VELIt7iGuCehOrZSYjYteWKQ==
  dependencies:
    media-typer "0.3.0"
    mime-types "~2.1.15"

underscore.string@^3.2.3:
  version "3.3.4"
  resolved "https://registry.npmjs.org/underscore.string/-/underscore.string-3.3.4.tgz"
  integrity sha512-xQOONaLk0lHHUEzc1m+d6IZX6rSsbsyndZx3+ATd0PmxH8bXv16G92UWocOS4NJMd7aeLPZM7F1ktIi/uzjDMg==
  dependencies:
    sprintf-js "^1.0.3"
    util-deprecate "^1.0.2"

underscore@^1.8.3:
  version "1.8.3"
  resolved "https://registry.npmjs.org/underscore/-/underscore-1.8.3.tgz"
  integrity sha512-5WsVTFcH1ut/kkhAaHf4PVgI8c7++GiVcpCGxPouI6ZVjsqPnSDf8h/8HtVqc0t4fzRXwnMK70EcZeAs3PIddg==

unpipe@~1.0.0, unpipe@1.0.0:
  version "1.0.0"
  resolved "https://registry.npmjs.org/unpipe/-/unpipe-1.0.0.tgz"
  integrity sha512-pjy2bYhSsufwWlKwPc+l3cN7+wuJlK6uz0YdJEOlQDbl6jo/YlPi4mb8agUkVC8BF7V8NuzeyPNqRksA3hztKQ==

util-deprecate@^1.0.2, util-deprecate@~1.0.1:
  version "1.0.2"
  resolved "https://registry.npmjs.org/util-deprecate/-/util-deprecate-1.0.2.tgz"
  integrity sha512-EPD5q1uXyFxJpCrLnCc1nHnq3gOa6DZBocAIiI2TaSCA7VCJ1UJDMagCzIkXNsUYfD1daK//LTEQ8xiIbrHtcw==

utils-merge@1.0.0:
  version "1.0.0"
  resolved "https://registry.npmjs.org/utils-merge/-/utils-merge-1.0.0.tgz"
  integrity sha512-HwU9SLQEtyo+0uoKXd1nkLqigUWLB+QuNQR4OcmB73eWqksM5ovuqcycks2x043W8XVb75rG1HQ0h93TMXkzQQ==

uuid@^3.0.0:
  version "3.0.1"
  resolved "https://registry.npmjs.org/uuid/-/uuid-3.0.1.tgz"
  integrity sha512-tyhM7iisckwwmyHVFcjTzISz/R1ss/bRudNgHFYsgeu7j4JbhRvjE+Hbcpr9y5xh+b+HxeFjuToDT4i9kQNrtA==

vary@~1.1.1:
  version "1.1.1"
  resolved "https://registry.npmjs.org/vary/-/vary-1.1.1.tgz"
  integrity sha512-kCupYIvF6ltl975bvRTPK/Ml8aAZ32u1JgZ4QpuL20w3lWEJYlD90NQmXIcnAliEDN62MA4V96A2uq5cBsHSJA==

verror@1.3.6:
  version "1.3.6"
  resolved "https://registry.npmjs.org/verror/-/verror-1.3.6.tgz"
  integrity sha512-i8GFYwImt5D5B8CPpi2jrDTy/faq4OEW+NkOTLSKcIdPfdYJvWv3VZddDKl0ByvBe6cJ2s5Mm2XDtv5c2pj/Eg==
  dependencies:
    extsprintf "1.0.2"

wordwrap@~0.0.2:
  version "0.0.3"
  resolved "https://registry.npmjs.org/wordwrap/-/wordwrap-0.0.3.tgz"
  integrity sha512-1tMA907+V4QmxV7dbRvb4/8MaRALK6q9Abid3ndMYnbyo8piisCmeONVqVSXqQA3KaP4SLt5b7ud6E2sqP8TFw==
